
Microsoft Visual Studio Solution File, Format Version 12.00
# Visual Studio 15
VisualStudioVersion = 15.0.27130.2027
MinimumVisualStudioVersion = 10.0.40219.1
Project("{FAE04EC0-301F-11D3-BF4B-00C04F79EFBC}") = "MvcWebApplication", "MvcWebApplication\MvcWebApplication.csproj", "{A7BBB9F6-A402-49E5-A086-1B446C5C8CC0}"
EndProject
Global
	GlobalSection(SolutionConfigurationPlatforms) = preSolution
		Debug|Any CPU = Debug|Any CPU
		Release|Any CPU = Release|Any CPU
	EndGlobalSection
	GlobalSection(ProjectConfigurationPlatforms) = postSolution
		{A7BBB9F6-A402-49E5-A086-1B446C5C8CC0}.Debug|Any CPU.ActiveCfg = Debug|Any CPU
		{A7BBB9F6-A402-49E5-A086-1B446C5C8CC0}.Debug|Any CPU.Build.0 = Debug|Any CPU
		{A7BBB9F6-A402-49E5-A086-1B446C5C8CC0}.Release|Any CPU.ActiveCfg = Release|Any CPU
		{A7BBB9F6-A402-49E5-A086-1B446C5C8CC0}.Release|Any CPU.Build.0 = Release|Any CPU
	EndGlobalSection
	GlobalSection(SolutionProperties) = preSolution
		HideSolutionNode = FALSE
	EndGlobalSection
	GlobalSection(ExtensibilityGlobals) = postSolution
		SolutionGuid = {B75A7F56-3946-488D-B2B3-C347EDAE86A0}
	EndGlobalSection
EndGlobal
